{
  "nodes": {
    "home-manager": {
      "inputs": {
        "nixpkgs": [
          "nixpkgs"
        ]
      },
      "locked": {
        "lastModified": 1737762889,
        "narHash": "sha256-5HGG09bh/Yx0JA8wtBMAzt0HMCL1bYZ93x4IqzVExio=",
        "owner": "nix-community",
        "repo": "home-manager",
        "rev": "daf04c5950b676f47a794300657f1d3d14c1a120",
        "type": "github"
      },
      "original": {
        "owner": "nix-community",
        "repo": "home-manager",
        "type": "github"
      }
    },
    "nixpkgs": {
      "locked": {
        "lastModified": 1737885589,
        "narHash": "sha256-Zf0hSrtzaM1DEz8//+Xs51k/wdSajticVrATqDrfQjg=",
        "owner": "nixos",
        "repo": "nixpkgs",
        "rev": "852ff1d9e153d8875a83602e03fdef8a63f0ecf8",
        "type": "github"
      },
      "original": {
        "owner": "nixos",
        "ref": "nixos-unstable",
        "repo": "nixpkgs",
        "type": "github"
      }
    },
    "plugin-hlchunk-nvim": {
      "flake": false,
      "locked": {
        "lastModified": 1732349755,
        "narHash": "sha256-f5VVfpfVZk6ULBWVSVEzXBN9F4ROTzhomV1F2mKIem4=",
        "owner": "shellRaining",
        "repo": "hlchunk.nvim",
        "rev": "5465dd33ade8676d63f6e8493252283060cd72ca",
        "type": "github"
      },
      "original": {
        "owner": "shellRaining",
        "repo": "hlchunk.nvim",
        "type": "github"
      }
    },
    "plugin-modes-nvim": {
      "flake": false,
      "locked": {
        "lastModified": 1737854762,
        "narHash": "sha256-XgER+qp/GSAimj7C23coOpwsEc3CdImyN+tFVIPKqh0=",
        "owner": "mvllow",
        "repo": "modes.nvim",
        "rev": "1e34663c32e8f5d915921a938e0dc4e3e788ceb8",
        "type": "github"
      },
      "original": {
        "owner": "mvllow",
        "repo": "modes.nvim",
        "type": "github"
      }
    },
    "plugin-workspaces-nvim": {
      "flake": false,
      "locked": {
        "lastModified": 1728349676,
        "narHash": "sha256-a3f0NUYooMxrZEqLer+Duv6/ktq5MH2qUoFHD8z7fZA=",
        "owner": "natecraddock",
        "repo": "workspaces.nvim",
        "rev": "55a1eb6f5b72e07ee8333898254e113e927180ca",
        "type": "github"
      },
      "original": {
        "owner": "natecraddock",
        "repo": "workspaces.nvim",
        "type": "github"
      }
    },
    "root": {
      "inputs": {
        "home-manager": "home-manager",
        "nixpkgs": "nixpkgs",
        "plugin-hlchunk-nvim": "plugin-hlchunk-nvim",
        "plugin-modes-nvim": "plugin-modes-nvim",
        "plugin-workspaces-nvim": "plugin-workspaces-nvim"
      }
    }
  },
  "root": "root",
  "version": 7
}
