{
  "nodes": {
    "home-manager": {
      "inputs": {
        "nixpkgs": [
          "nixpkgs"
        ]
      },
      "locked": {
        "lastModified": 1739571712,
        "narHash": "sha256-0UdSDV/TBY+GuxXLbrLq3l2Fq02ciyKCIMy4qmnfJXQ=",
        "owner": "nix-community",
        "repo": "home-manager",
        "rev": "6d3163aea47fdb1fe19744e91306a2ea4f602292",
        "type": "github"
      },
      "original": {
        "owner": "nix-community",
        "repo": "home-manager",
        "type": "github"
      }
    },
    "nixpkgs": {
      "locked": {
        "lastModified": 1739446958,
        "narHash": "sha256-+/bYK3DbPxMIvSL4zArkMX0LQvS7rzBKXnDXLfKyRVc=",
        "owner": "nixos",
        "repo": "nixpkgs",
        "rev": "2ff53fe64443980e139eaa286017f53f88336dd0",
        "type": "github"
      },
      "original": {
        "owner": "nixos",
        "ref": "nixos-unstable",
        "repo": "nixpkgs",
        "type": "github"
      }
    },
    "plugin-hlchunk-nvim": {
      "flake": false,
      "locked": {
        "lastModified": 1732349755,
        "narHash": "sha256-f5VVfpfVZk6ULBWVSVEzXBN9F4ROTzhomV1F2mKIem4=",
        "owner": "shellRaining",
        "repo": "hlchunk.nvim",
        "rev": "5465dd33ade8676d63f6e8493252283060cd72ca",
        "type": "github"
      },
      "original": {
        "owner": "shellRaining",
        "repo": "hlchunk.nvim",
        "type": "github"
      }
    },
    "plugin-kulala-nvim": {
      "flake": false,
      "locked": {
        "lastModified": 1743102647,
        "narHash": "sha256-Net5ELcJs3Ykmd7EPoC6Uws/9NLoRQSubG1yDmSYt44=",
        "owner": "mistweaverco",
        "repo": "kulala.nvim",
        "rev": "791b8850e8faf0588955cf531a0817195bcab737",
        "type": "github"
      },
      "original": {
        "owner": "mistweaverco",
        "repo": "kulala.nvim",
        "type": "github"
      }
    },
    "plugin-mestizo-nvim": {
      "flake": false,
      "locked": {
        "lastModified": 1739633859,
        "narHash": "sha256-JrS2Q9AAoicVTaoGaKoOILe3yB2ZIHQEUVXvWL4bpbs=",
        "owner": "Anfigeno",
        "repo": "Mestizo.nvim",
        "rev": "cb2cbc7d1eb560a4a310c89b0f4bca7535ed6ab6",
        "type": "github"
      },
      "original": {
        "owner": "Anfigeno",
        "repo": "Mestizo.nvim",
        "type": "github"
      }
    },
    "plugin-modes-nvim": {
      "flake": false,
      "locked": {
        "lastModified": 1737854762,
        "narHash": "sha256-XgER+qp/GSAimj7C23coOpwsEc3CdImyN+tFVIPKqh0=",
        "owner": "mvllow",
        "repo": "modes.nvim",
        "rev": "1e34663c32e8f5d915921a938e0dc4e3e788ceb8",
        "type": "github"
      },
      "original": {
        "owner": "mvllow",
        "repo": "modes.nvim",
        "type": "github"
      }
    },
    "plugin-workspaces-nvim": {
      "flake": false,
      "locked": {
        "lastModified": 1728349676,
        "narHash": "sha256-a3f0NUYooMxrZEqLer+Duv6/ktq5MH2qUoFHD8z7fZA=",
        "owner": "natecraddock",
        "repo": "workspaces.nvim",
        "rev": "55a1eb6f5b72e07ee8333898254e113e927180ca",
        "type": "github"
      },
      "original": {
        "owner": "natecraddock",
        "repo": "workspaces.nvim",
        "type": "github"
      }
    },
    "root": {
      "inputs": {
        "home-manager": "home-manager",
        "nixpkgs": "nixpkgs",
        "plugin-hlchunk-nvim": "plugin-hlchunk-nvim",
        "plugin-kulala-nvim": "plugin-kulala-nvim",
        "plugin-mestizo-nvim": "plugin-mestizo-nvim",
        "plugin-modes-nvim": "plugin-modes-nvim",
        "plugin-workspaces-nvim": "plugin-workspaces-nvim"
      }
    }
  },
  "root": "root",
  "version": 7
}
